
Microsoft Visual Studio Solution File, Format Version 11.00
# Visual Studio 2010
Project("{FAE04EC0-301F-11D3-BF4B-00C04F79EFBC}") = "UnityEngine.UI", "UnityEngine.UI.csproj", "{08A86D96-2413-612E-150D-3A47D540A44B}"
EndProject
Project("{FAE04EC0-301F-11D3-BF4B-00C04F79EFBC}") = "UnityEngine.TestRunner", "UnityEngine.TestRunner.csproj", "{D5FFAF50-BB67-F2C6-4B5D-34653C9EF1B4}"
EndProject
Project("{FAE04EC0-301F-11D3-BF4B-00C04F79EFBC}") = "UnityEngine.Purchasing.Stores", "UnityEngine.Purchasing.Stores.csproj", "{9AAE8E7A-E999-0E61-6CFB-79B7146487EA}"
EndProject
Project("{FAE04EC0-301F-11D3-BF4B-00C04F79EFBC}") = "Assembly-CSharp", "Assembly-CSharp.csproj", "{559A2906-1360-8749-47C1-D826163E6B92}"
EndProject
Project("{FAE04EC0-301F-11D3-BF4B-00C04F79EFBC}") = "com.unity.multiplayer-hlapi.Runtime", "com.unity.multiplayer-hlapi.Runtime.csproj", "{0F692613-B05C-1E7F-001E-828E51AA9318}"
EndProject
Project("{FAE04EC0-301F-11D3-BF4B-00C04F79EFBC}") = "Unity.TextMeshPro", "Unity.TextMeshPro.csproj", "{2EA2B4D4-E7D6-5B7D-8D6A-E852E7FFAEAD}"
EndProject
Project("{FAE04EC0-301F-11D3-BF4B-00C04F79EFBC}") = "Unity.Timeline", "Unity.Timeline.csproj", "{49191BD9-9333-DE05-AB36-B46D06947829}"
EndProject
Project("{FAE04EC0-301F-11D3-BF4B-00C04F79EFBC}") = "UnityEngine.Advertisements", "UnityEngine.Advertisements.csproj", "{034EDCFF-13CB-4F1C-AB42-9E05CA56A508}"
EndProject
Project("{FAE04EC0-301F-11D3-BF4B-00C04F79EFBC}") = "UnityEngine.Purchasing", "UnityEngine.Purchasing.csproj", "{993DB264-98B8-13E5-F1C4-E936FF8114A1}"
EndProject
Project("{FAE04EC0-301F-11D3-BF4B-00C04F79EFBC}") = "Unity.Analytics.DataPrivacy", "Unity.Analytics.DataPrivacy.csproj", "{89A73B7F-4064-1440-65A0-A460326EC278}"
EndProject
Project("{FAE04EC0-301F-11D3-BF4B-00C04F79EFBC}") = "Assembly-CSharp-firstpass", "Assembly-CSharp-firstpass.csproj", "{AA75E4F1-1F7D-2680-4C93-EE0A28F1B31C}"
EndProject
Project("{FAE04EC0-301F-11D3-BF4B-00C04F79EFBC}") = "UnityEngine.Purchasing.Codeless", "UnityEngine.Purchasing.Codeless.csproj", "{CAC6EE69-5948-1601-81A8-B8129D9AB8E6}"
EndProject
Project("{FAE04EC0-301F-11D3-BF4B-00C04F79EFBC}") = "UnityEngine.Monetization", "UnityEngine.Monetization.csproj", "{387B3901-7C99-9D85-83B1-CA338792A546}"
EndProject
Project("{FAE04EC0-301F-11D3-BF4B-00C04F79EFBC}") = "UnityEngine.XR.LegacyInputHelpers", "UnityEngine.XR.LegacyInputHelpers.csproj", "{0254B9BA-C5CC-0D11-5908-A4CEDA32C1CA}"
EndProject
Project("{FAE04EC0-301F-11D3-BF4B-00C04F79EFBC}") = "Purchasing.Common", "Purchasing.Common.csproj", "{152835F7-BAF5-5DD7-3101-F2C26FDE805E}"
EndProject
Project("{FAE04EC0-301F-11D3-BF4B-00C04F79EFBC}") = "UnityEngine.Purchasing.WinRTCore", "UnityEngine.Purchasing.WinRTCore.csproj", "{883A693D-EB12-886C-3750-85276989E09D}"
EndProject
Project("{FAE04EC0-301F-11D3-BF4B-00C04F79EFBC}") = "Unity.2D.Tilemap.Extras", "Unity.2D.Tilemap.Extras.csproj", "{272C13A2-9204-D16C-22E2-A036692F1AF4}"
EndProject
Project("{FAE04EC0-301F-11D3-BF4B-00C04F79EFBC}") = "UnityEngine.SpatialTracking", "UnityEngine.SpatialTracking.csproj", "{76F87E41-B37D-B6F0-87D4-31E2DD0D6C96}"
EndProject
Project("{FAE04EC0-301F-11D3-BF4B-00C04F79EFBC}") = "UnityEngine.Purchasing.SecurityStub", "UnityEngine.Purchasing.SecurityStub.csproj", "{BECC13D4-8690-6678-E163-8F84BA4E14CC}"
EndProject
Project("{FAE04EC0-301F-11D3-BF4B-00C04F79EFBC}") = "UnityEngine.Purchasing.AppleCore", "UnityEngine.Purchasing.AppleCore.csproj", "{650971AB-44F4-F6FC-65DD-C6112BB5823D}"
EndProject
Project("{FAE04EC0-301F-11D3-BF4B-00C04F79EFBC}") = "UnityEngine.Purchasing.SecurityCore", "UnityEngine.Purchasing.SecurityCore.csproj", "{99B3B869-8D76-F0F3-26EB-5406B90CD098}"
EndProject
Project("{FAE04EC0-301F-11D3-BF4B-00C04F79EFBC}") = "UnityEngine.Purchasing.AppleStub", "UnityEngine.Purchasing.AppleStub.csproj", "{AECE3A97-D1E5-3BCC-AD55-FB5693F93D1F}"
EndProject
Project("{FAE04EC0-301F-11D3-BF4B-00C04F79EFBC}") = "UnityEngine.Purchasing.WinRTStub", "UnityEngine.Purchasing.WinRTStub.csproj", "{BC214BD6-0420-139C-B071-DB98D1963291}"
EndProject
Project("{FAE04EC0-301F-11D3-BF4B-00C04F79EFBC}") = "UnityEngine.Purchasing.AppleMacosStub", "UnityEngine.Purchasing.AppleMacosStub.csproj", "{925C3BEA-8C8D-F3CF-0338-B55A89572FBA}"
EndProject
Project("{FAE04EC0-301F-11D3-BF4B-00C04F79EFBC}") = "UnityEditor.TestRunner", "UnityEditor.TestRunner.csproj", "{435CC190-9E8D-E5D5-4510-FF1DBD47E2EE}"
EndProject
Project("{FAE04EC0-301F-11D3-BF4B-00C04F79EFBC}") = "Unity.VisualStudio.Editor", "Unity.VisualStudio.Editor.csproj", "{D72FA5F7-22D4-BCC2-92E9-F057D74A8B23}"
EndProject
Project("{FAE04EC0-301F-11D3-BF4B-00C04F79EFBC}") = "Unity.TextMeshPro.Editor", "Unity.TextMeshPro.Editor.csproj", "{ED1E3175-BD21-B9E3-5625-150A3BA53B35}"
EndProject
Project("{FAE04EC0-301F-11D3-BF4B-00C04F79EFBC}") = "Unity.Timeline.Editor", "Unity.Timeline.Editor.csproj", "{DE9AB919-B008-32FF-B2DB-903217A370D9}"
EndProject
Project("{FAE04EC0-301F-11D3-BF4B-00C04F79EFBC}") = "Unity.PlasticSCM.Editor", "Unity.PlasticSCM.Editor.csproj", "{17A14C0C-EF2D-F4F1-02E4-56D29781AD39}"
EndProject
Project("{FAE04EC0-301F-11D3-BF4B-00C04F79EFBC}") = "Unity.2D.Sprite.Editor", "Unity.2D.Sprite.Editor.csproj", "{A4372E12-A35A-60B3-7975-CF6B83013F38}"
EndProject
Project("{FAE04EC0-301F-11D3-BF4B-00C04F79EFBC}") = "com.unity.multiplayer-hlapi.Editor", "com.unity.multiplayer-hlapi.Editor.csproj", "{327EB70F-A125-7919-6A3F-F8FA12F32695}"
EndProject
Project("{FAE04EC0-301F-11D3-BF4B-00C04F79EFBC}") = "UnityEditor.UI", "UnityEditor.UI.csproj", "{10522D60-9D5B-82DE-A753-9C367400A4E1}"
EndProject
Project("{FAE04EC0-301F-11D3-BF4B-00C04F79EFBC}") = "Unity.2D.Tilemap.Extras.Editor", "Unity.2D.Tilemap.Extras.Editor.csproj", "{08CB9E8D-835B-E700-51D6-B0B833DCB107}"
EndProject
Project("{FAE04EC0-301F-11D3-BF4B-00C04F79EFBC}") = "Unity.Rider.Editor", "Unity.Rider.Editor.csproj", "{3A8E5E48-1EF2-63C2-157A-BFFF893009C3}"
EndProject
Project("{FAE04EC0-301F-11D3-BF4B-00C04F79EFBC}") = "Unity.2D.Tilemap.Editor", "Unity.2D.Tilemap.Editor.csproj", "{64BC938D-C10B-97A6-ADBF-9F577CED92FC}"
EndProject
Project("{FAE04EC0-301F-11D3-BF4B-00C04F79EFBC}") = "UnityEngine.Advertisements.Editor", "UnityEngine.Advertisements.Editor.csproj", "{7FFA519F-3E2D-5881-01F2-87336E09BDBD}"
EndProject
Project("{FAE04EC0-301F-11D3-BF4B-00C04F79EFBC}") = "UnityEngine.Advertisements.DevX.Editor", "UnityEngine.Advertisements.DevX.Editor.csproj", "{6C4EFD45-6F38-20D4-36C0-728F145B6A30}"
EndProject
Project("{FAE04EC0-301F-11D3-BF4B-00C04F79EFBC}") = "UnityEditor.XR.LegacyInputHelpers", "UnityEditor.XR.LegacyInputHelpers.csproj", "{C1184F2E-D104-9EFD-DBC0-396AC6BF0A2A}"
EndProject
Project("{FAE04EC0-301F-11D3-BF4B-00C04F79EFBC}") = "Unity.CollabProxy.Editor", "Unity.CollabProxy.Editor.csproj", "{681CD140-A9D8-AE29-3C61-E82A582FB01E}"
EndProject
Project("{FAE04EC0-301F-11D3-BF4B-00C04F79EFBC}") = "UnityEditor.Purchasing", "UnityEditor.Purchasing.csproj", "{9D27D2C1-5FE9-184B-B1DD-2A2F5F7EF816}"
EndProject
Project("{FAE04EC0-301F-11D3-BF4B-00C04F79EFBC}") = "Unity.VSCode.Editor", "Unity.VSCode.Editor.csproj", "{1A8DBFC3-0C6A-3EDC-5D1B-628276614125}"
EndProject
Project("{FAE04EC0-301F-11D3-BF4B-00C04F79EFBC}") = "com.unity.multiplayer-weaver.Editor", "com.unity.multiplayer-weaver.Editor.csproj", "{BC023E27-5257-F051-5324-F5DBFAAC9E29}"
EndProject
Project("{FAE04EC0-301F-11D3-BF4B-00C04F79EFBC}") = "UnityEditor.SpatialTracking", "UnityEditor.SpatialTracking.csproj", "{8F22ED31-27F9-6B32-6107-F7B3F5C87DF3}"
EndProject
Project("{FAE04EC0-301F-11D3-BF4B-00C04F79EFBC}") = "Analytics", "Analytics.csproj", "{DD27E262-0520-8CA3-5060-DCF15AA0E3F6}"
EndProject
Global
	GlobalSection(SolutionConfigurationPlatforms) = preSolution
		Debug|Any CPU = Debug|Any CPU
		Release|Any CPU = Release|Any CPU
	EndGlobalSection
	GlobalSection(ProjectConfigurationPlatforms) = postSolution
		{08A86D96-2413-612E-150D-3A47D540A44B}.Debug|Any CPU.ActiveCfg = Debug|Any CPU
		{08A86D96-2413-612E-150D-3A47D540A44B}.Debug|Any CPU.Build.0 = Debug|Any CPU
		{08A86D96-2413-612E-150D-3A47D540A44B}.Release|Any CPU.ActiveCfg = Release|Any CPU
		{08A86D96-2413-612E-150D-3A47D540A44B}.Release|Any CPU.Build.0 = Release|Any CPU
		{D5FFAF50-BB67-F2C6-4B5D-34653C9EF1B4}.Debug|Any CPU.ActiveCfg = Debug|Any CPU
		{D5FFAF50-BB67-F2C6-4B5D-34653C9EF1B4}.Debug|Any CPU.Build.0 = Debug|Any CPU
		{D5FFAF50-BB67-F2C6-4B5D-34653C9EF1B4}.Release|Any CPU.ActiveCfg = Release|Any CPU
		{D5FFAF50-BB67-F2C6-4B5D-34653C9EF1B4}.Release|Any CPU.Build.0 = Release|Any CPU
		{9AAE8E7A-E999-0E61-6CFB-79B7146487EA}.Debug|Any CPU.ActiveCfg = Debug|Any CPU
		{9AAE8E7A-E999-0E61-6CFB-79B7146487EA}.Debug|Any CPU.Build.0 = Debug|Any CPU
		{9AAE8E7A-E999-0E61-6CFB-79B7146487EA}.Release|Any CPU.ActiveCfg = Release|Any CPU
		{9AAE8E7A-E999-0E61-6CFB-79B7146487EA}.Release|Any CPU.Build.0 = Release|Any CPU
		{559A2906-1360-8749-47C1-D826163E6B92}.Debug|Any CPU.ActiveCfg = Debug|Any CPU
		{559A2906-1360-8749-47C1-D826163E6B92}.Debug|Any CPU.Build.0 = Debug|Any CPU
		{559A2906-1360-8749-47C1-D826163E6B92}.Release|Any CPU.ActiveCfg = Release|Any CPU
		{559A2906-1360-8749-47C1-D826163E6B92}.Release|Any CPU.Build.0 = Release|Any CPU
		{0F692613-B05C-1E7F-001E-828E51AA9318}.Debug|Any CPU.ActiveCfg = Debug|Any CPU
		{0F692613-B05C-1E7F-001E-828E51AA9318}.Debug|Any CPU.Build.0 = Debug|Any CPU
		{0F692613-B05C-1E7F-001E-828E51AA9318}.Release|Any CPU.ActiveCfg = Release|Any CPU
		{0F692613-B05C-1E7F-001E-828E51AA9318}.Release|Any CPU.Build.0 = Release|Any CPU
		{2EA2B4D4-E7D6-5B7D-8D6A-E852E7FFAEAD}.Debug|Any CPU.ActiveCfg = Debug|Any CPU
		{2EA2B4D4-E7D6-5B7D-8D6A-E852E7FFAEAD}.Debug|Any CPU.Build.0 = Debug|Any CPU
		{2EA2B4D4-E7D6-5B7D-8D6A-E852E7FFAEAD}.Release|Any CPU.ActiveCfg = Release|Any CPU
		{2EA2B4D4-E7D6-5B7D-8D6A-E852E7FFAEAD}.Release|Any CPU.Build.0 = Release|Any CPU
		{49191BD9-9333-DE05-AB36-B46D06947829}.Debug|Any CPU.ActiveCfg = Debug|Any CPU
		{49191BD9-9333-DE05-AB36-B46D06947829}.Debug|Any CPU.Build.0 = Debug|Any CPU
		{49191BD9-9333-DE05-AB36-B46D06947829}.Release|Any CPU.ActiveCfg = Release|Any CPU
		{49191BD9-9333-DE05-AB36-B46D06947829}.Release|Any CPU.Build.0 = Release|Any CPU
		{034EDCFF-13CB-4F1C-AB42-9E05CA56A508}.Debug|Any CPU.ActiveCfg = Debug|Any CPU
		{034EDCFF-13CB-4F1C-AB42-9E05CA56A508}.Debug|Any CPU.Build.0 = Debug|Any CPU
		{034EDCFF-13CB-4F1C-AB42-9E05CA56A508}.Release|Any CPU.ActiveCfg = Release|Any CPU
		{034EDCFF-13CB-4F1C-AB42-9E05CA56A508}.Release|Any CPU.Build.0 = Release|Any CPU
		{993DB264-98B8-13E5-F1C4-E936FF8114A1}.Debug|Any CPU.ActiveCfg = Debug|Any CPU
		{993DB264-98B8-13E5-F1C4-E936FF8114A1}.Debug|Any CPU.Build.0 = Debug|Any CPU
		{993DB264-98B8-13E5-F1C4-E936FF8114A1}.Release|Any CPU.ActiveCfg = Release|Any CPU
		{993DB264-98B8-13E5-F1C4-E936FF8114A1}.Release|Any CPU.Build.0 = Release|Any CPU
		{89A73B7F-4064-1440-65A0-A460326EC278}.Debug|Any CPU.ActiveCfg = Debug|Any CPU
		{89A73B7F-4064-1440-65A0-A460326EC278}.Debug|Any CPU.Build.0 = Debug|Any CPU
		{89A73B7F-4064-1440-65A0-A460326EC278}.Release|Any CPU.ActiveCfg = Release|Any CPU
		{89A73B7F-4064-1440-65A0-A460326EC278}.Release|Any CPU.Build.0 = Release|Any CPU
		{AA75E4F1-1F7D-2680-4C93-EE0A28F1B31C}.Debug|Any CPU.ActiveCfg = Debug|Any CPU
		{AA75E4F1-1F7D-2680-4C93-EE0A28F1B31C}.Debug|Any CPU.Build.0 = Debug|Any CPU
		{AA75E4F1-1F7D-2680-4C93-EE0A28F1B31C}.Release|Any CPU.ActiveCfg = Release|Any CPU
		{AA75E4F1-1F7D-2680-4C93-EE0A28F1B31C}.Release|Any CPU.Build.0 = Release|Any CPU
		{CAC6EE69-5948-1601-81A8-B8129D9AB8E6}.Debug|Any CPU.ActiveCfg = Debug|Any CPU
		{CAC6EE69-5948-1601-81A8-B8129D9AB8E6}.Debug|Any CPU.Build.0 = Debug|Any CPU
		{CAC6EE69-5948-1601-81A8-B8129D9AB8E6}.Release|Any CPU.ActiveCfg = Release|Any CPU
		{CAC6EE69-5948-1601-81A8-B8129D9AB8E6}.Release|Any CPU.Build.0 = Release|Any CPU
		{387B3901-7C99-9D85-83B1-CA338792A546}.Debug|Any CPU.ActiveCfg = Debug|Any CPU
		{387B3901-7C99-9D85-83B1-CA338792A546}.Debug|Any CPU.Build.0 = Debug|Any CPU
		{387B3901-7C99-9D85-83B1-CA338792A546}.Release|Any CPU.ActiveCfg = Release|Any CPU
		{387B3901-7C99-9D85-83B1-CA338792A546}.Release|Any CPU.Build.0 = Release|Any CPU
		{0254B9BA-C5CC-0D11-5908-A4CEDA32C1CA}.Debug|Any CPU.ActiveCfg = Debug|Any CPU
		{0254B9BA-C5CC-0D11-5908-A4CEDA32C1CA}.Debug|Any CPU.Build.0 = Debug|Any CPU
		{0254B9BA-C5CC-0D11-5908-A4CEDA32C1CA}.Release|Any CPU.ActiveCfg = Release|Any CPU
		{0254B9BA-C5CC-0D11-5908-A4CEDA32C1CA}.Release|Any CPU.Build.0 = Release|Any CPU
		{152835F7-BAF5-5DD7-3101-F2C26FDE805E}.Debug|Any CPU.ActiveCfg = Debug|Any CPU
		{152835F7-BAF5-5DD7-3101-F2C26FDE805E}.Debug|Any CPU.Build.0 = Debug|Any CPU
		{152835F7-BAF5-5DD7-3101-F2C26FDE805E}.Release|Any CPU.ActiveCfg = Release|Any CPU
		{152835F7-BAF5-5DD7-3101-F2C26FDE805E}.Release|Any CPU.Build.0 = Release|Any CPU
		{883A693D-EB12-886C-3750-85276989E09D}.Debug|Any CPU.ActiveCfg = Debug|Any CPU
		{883A693D-EB12-886C-3750-85276989E09D}.Debug|Any CPU.Build.0 = Debug|Any CPU
		{883A693D-EB12-886C-3750-85276989E09D}.Release|Any CPU.ActiveCfg = Release|Any CPU
		{883A693D-EB12-886C-3750-85276989E09D}.Release|Any CPU.Build.0 = Release|Any CPU
		{272C13A2-9204-D16C-22E2-A036692F1AF4}.Debug|Any CPU.ActiveCfg = Debug|Any CPU
		{272C13A2-9204-D16C-22E2-A036692F1AF4}.Debug|Any CPU.Build.0 = Debug|Any CPU
		{272C13A2-9204-D16C-22E2-A036692F1AF4}.Release|Any CPU.ActiveCfg = Release|Any CPU
		{272C13A2-9204-D16C-22E2-A036692F1AF4}.Release|Any CPU.Build.0 = Release|Any CPU
		{76F87E41-B37D-B6F0-87D4-31E2DD0D6C96}.Debug|Any CPU.ActiveCfg = Debug|Any CPU
		{76F87E41-B37D-B6F0-87D4-31E2DD0D6C96}.Debug|Any CPU.Build.0 = Debug|Any CPU
		{76F87E41-B37D-B6F0-87D4-31E2DD0D6C96}.Release|Any CPU.ActiveCfg = Release|Any CPU
		{76F87E41-B37D-B6F0-87D4-31E2DD0D6C96}.Release|Any CPU.Build.0 = Release|Any CPU
		{BECC13D4-8690-6678-E163-8F84BA4E14CC}.Debug|Any CPU.ActiveCfg = Debug|Any CPU
		{BECC13D4-8690-6678-E163-8F84BA4E14CC}.Debug|Any CPU.Build.0 = Debug|Any CPU
		{BECC13D4-8690-6678-E163-8F84BA4E14CC}.Release|Any CPU.ActiveCfg = Release|Any CPU
		{BECC13D4-8690-6678-E163-8F84BA4E14CC}.Release|Any CPU.Build.0 = Release|Any CPU
		{650971AB-44F4-F6FC-65DD-C6112BB5823D}.Debug|Any CPU.ActiveCfg = Debug|Any CPU
		{650971AB-44F4-F6FC-65DD-C6112BB5823D}.Debug|Any CPU.Build.0 = Debug|Any CPU
		{650971AB-44F4-F6FC-65DD-C6112BB5823D}.Release|Any CPU.ActiveCfg = Release|Any CPU
		{650971AB-44F4-F6FC-65DD-C6112BB5823D}.Release|Any CPU.Build.0 = Release|Any CPU
		{99B3B869-8D76-F0F3-26EB-5406B90CD098}.Debug|Any CPU.ActiveCfg = Debug|Any CPU
		{99B3B869-8D76-F0F3-26EB-5406B90CD098}.Debug|Any CPU.Build.0 = Debug|Any CPU
		{99B3B869-8D76-F0F3-26EB-5406B90CD098}.Release|Any CPU.ActiveCfg = Release|Any CPU
		{99B3B869-8D76-F0F3-26EB-5406B90CD098}.Release|Any CPU.Build.0 = Release|Any CPU
		{AECE3A97-D1E5-3BCC-AD55-FB5693F93D1F}.Debug|Any CPU.ActiveCfg = Debug|Any CPU
		{AECE3A97-D1E5-3BCC-AD55-FB5693F93D1F}.Debug|Any CPU.Build.0 = Debug|Any CPU
		{AECE3A97-D1E5-3BCC-AD55-FB5693F93D1F}.Release|Any CPU.ActiveCfg = Release|Any CPU
		{AECE3A97-D1E5-3BCC-AD55-FB5693F93D1F}.Release|Any CPU.Build.0 = Release|Any CPU
		{BC214BD6-0420-139C-B071-DB98D1963291}.Debug|Any CPU.ActiveCfg = Debug|Any CPU
		{BC214BD6-0420-139C-B071-DB98D1963291}.Debug|Any CPU.Build.0 = Debug|Any CPU
		{BC214BD6-0420-139C-B071-DB98D1963291}.Release|Any CPU.ActiveCfg = Release|Any CPU
		{BC214BD6-0420-139C-B071-DB98D1963291}.Release|Any CPU.Build.0 = Release|Any CPU
		{925C3BEA-8C8D-F3CF-0338-B55A89572FBA}.Debug|Any CPU.ActiveCfg = Debug|Any CPU
		{925C3BEA-8C8D-F3CF-0338-B55A89572FBA}.Debug|Any CPU.Build.0 = Debug|Any CPU
		{925C3BEA-8C8D-F3CF-0338-B55A89572FBA}.Release|Any CPU.ActiveCfg = Release|Any CPU
		{925C3BEA-8C8D-F3CF-0338-B55A89572FBA}.Release|Any CPU.Build.0 = Release|Any CPU
		{435CC190-9E8D-E5D5-4510-FF1DBD47E2EE}.Debug|Any CPU.ActiveCfg = Debug|Any CPU
		{435CC190-9E8D-E5D5-4510-FF1DBD47E2EE}.Debug|Any CPU.Build.0 = Debug|Any CPU
		{435CC190-9E8D-E5D5-4510-FF1DBD47E2EE}.Release|Any CPU.ActiveCfg = Release|Any CPU
		{435CC190-9E8D-E5D5-4510-FF1DBD47E2EE}.Release|Any CPU.Build.0 = Release|Any CPU
		{D72FA5F7-22D4-BCC2-92E9-F057D74A8B23}.Debug|Any CPU.ActiveCfg = Debug|Any CPU
		{D72FA5F7-22D4-BCC2-92E9-F057D74A8B23}.Debug|Any CPU.Build.0 = Debug|Any CPU
		{D72FA5F7-22D4-BCC2-92E9-F057D74A8B23}.Release|Any CPU.ActiveCfg = Release|Any CPU
		{D72FA5F7-22D4-BCC2-92E9-F057D74A8B23}.Release|Any CPU.Build.0 = Release|Any CPU
		{ED1E3175-BD21-B9E3-5625-150A3BA53B35}.Debug|Any CPU.ActiveCfg = Debug|Any CPU
		{ED1E3175-BD21-B9E3-5625-150A3BA53B35}.Debug|Any CPU.Build.0 = Debug|Any CPU
		{ED1E3175-BD21-B9E3-5625-150A3BA53B35}.Release|Any CPU.ActiveCfg = Release|Any CPU
		{ED1E3175-BD21-B9E3-5625-150A3BA53B35}.Release|Any CPU.Build.0 = Release|Any CPU
		{DE9AB919-B008-32FF-B2DB-903217A370D9}.Debug|Any CPU.ActiveCfg = Debug|Any CPU
		{DE9AB919-B008-32FF-B2DB-903217A370D9}.Debug|Any CPU.Build.0 = Debug|Any CPU
		{DE9AB919-B008-32FF-B2DB-903217A370D9}.Release|Any CPU.ActiveCfg = Release|Any CPU
		{DE9AB919-B008-32FF-B2DB-903217A370D9}.Release|Any CPU.Build.0 = Release|Any CPU
		{17A14C0C-EF2D-F4F1-02E4-56D29781AD39}.Debug|Any CPU.ActiveCfg = Debug|Any CPU
		{17A14C0C-EF2D-F4F1-02E4-56D29781AD39}.Debug|Any CPU.Build.0 = Debug|Any CPU
		{17A14C0C-EF2D-F4F1-02E4-56D29781AD39}.Release|Any CPU.ActiveCfg = Release|Any CPU
		{17A14C0C-EF2D-F4F1-02E4-56D29781AD39}.Release|Any CPU.Build.0 = Release|Any CPU
		{A4372E12-A35A-60B3-7975-CF6B83013F38}.Debug|Any CPU.ActiveCfg = Debug|Any CPU
		{A4372E12-A35A-60B3-7975-CF6B83013F38}.Debug|Any CPU.Build.0 = Debug|Any CPU
		{A4372E12-A35A-60B3-7975-CF6B83013F38}.Release|Any CPU.ActiveCfg = Release|Any CPU
		{A4372E12-A35A-60B3-7975-CF6B83013F38}.Release|Any CPU.Build.0 = Release|Any CPU
		{327EB70F-A125-7919-6A3F-F8FA12F32695}.Debug|Any CPU.ActiveCfg = Debug|Any CPU
		{327EB70F-A125-7919-6A3F-F8FA12F32695}.Debug|Any CPU.Build.0 = Debug|Any CPU
		{327EB70F-A125-7919-6A3F-F8FA12F32695}.Release|Any CPU.ActiveCfg = Release|Any CPU
		{327EB70F-A125-7919-6A3F-F8FA12F32695}.Release|Any CPU.Build.0 = Release|Any CPU
		{10522D60-9D5B-82DE-A753-9C367400A4E1}.Debug|Any CPU.ActiveCfg = Debug|Any CPU
		{10522D60-9D5B-82DE-A753-9C367400A4E1}.Debug|Any CPU.Build.0 = Debug|Any CPU
		{10522D60-9D5B-82DE-A753-9C367400A4E1}.Release|Any CPU.ActiveCfg = Release|Any CPU
		{10522D60-9D5B-82DE-A753-9C367400A4E1}.Release|Any CPU.Build.0 = Release|Any CPU
		{08CB9E8D-835B-E700-51D6-B0B833DCB107}.Debug|Any CPU.ActiveCfg = Debug|Any CPU
		{08CB9E8D-835B-E700-51D6-B0B833DCB107}.Debug|Any CPU.Build.0 = Debug|Any CPU
		{08CB9E8D-835B-E700-51D6-B0B833DCB107}.Release|Any CPU.ActiveCfg = Release|Any CPU
		{08CB9E8D-835B-E700-51D6-B0B833DCB107}.Release|Any CPU.Build.0 = Release|Any CPU
		{3A8E5E48-1EF2-63C2-157A-BFFF893009C3}.Debug|Any CPU.ActiveCfg = Debug|Any CPU
		{3A8E5E48-1EF2-63C2-157A-BFFF893009C3}.Debug|Any CPU.Build.0 = Debug|Any CPU
		{3A8E5E48-1EF2-63C2-157A-BFFF893009C3}.Release|Any CPU.ActiveCfg = Release|Any CPU
		{3A8E5E48-1EF2-63C2-157A-BFFF893009C3}.Release|Any CPU.Build.0 = Release|Any CPU
		{64BC938D-C10B-97A6-ADBF-9F577CED92FC}.Debug|Any CPU.ActiveCfg = Debug|Any CPU
		{64BC938D-C10B-97A6-ADBF-9F577CED92FC}.Debug|Any CPU.Build.0 = Debug|Any CPU
		{64BC938D-C10B-97A6-ADBF-9F577CED92FC}.Release|Any CPU.ActiveCfg = Release|Any CPU
		{64BC938D-C10B-97A6-ADBF-9F577CED92FC}.Release|Any CPU.Build.0 = Release|Any CPU
		{7FFA519F-3E2D-5881-01F2-87336E09BDBD}.Debug|Any CPU.ActiveCfg = Debug|Any CPU
		{7FFA519F-3E2D-5881-01F2-87336E09BDBD}.Debug|Any CPU.Build.0 = Debug|Any CPU
		{7FFA519F-3E2D-5881-01F2-87336E09BDBD}.Release|Any CPU.ActiveCfg = Release|Any CPU
		{7FFA519F-3E2D-5881-01F2-87336E09BDBD}.Release|Any CPU.Build.0 = Release|Any CPU
		{6C4EFD45-6F38-20D4-36C0-728F145B6A30}.Debug|Any CPU.ActiveCfg = Debug|Any CPU
		{6C4EFD45-6F38-20D4-36C0-728F145B6A30}.Debug|Any CPU.Build.0 = Debug|Any CPU
		{6C4EFD45-6F38-20D4-36C0-728F145B6A30}.Release|Any CPU.ActiveCfg = Release|Any CPU
		{6C4EFD45-6F38-20D4-36C0-728F145B6A30}.Release|Any CPU.Build.0 = Release|Any CPU
		{C1184F2E-D104-9EFD-DBC0-396AC6BF0A2A}.Debug|Any CPU.ActiveCfg = Debug|Any CPU
		{C1184F2E-D104-9EFD-DBC0-396AC6BF0A2A}.Debug|Any CPU.Build.0 = Debug|Any CPU
		{C1184F2E-D104-9EFD-DBC0-396AC6BF0A2A}.Release|Any CPU.ActiveCfg = Release|Any CPU
		{C1184F2E-D104-9EFD-DBC0-396AC6BF0A2A}.Release|Any CPU.Build.0 = Release|Any CPU
		{681CD140-A9D8-AE29-3C61-E82A582FB01E}.Debug|Any CPU.ActiveCfg = Debug|Any CPU
		{681CD140-A9D8-AE29-3C61-E82A582FB01E}.Debug|Any CPU.Build.0 = Debug|Any CPU
		{681CD140-A9D8-AE29-3C61-E82A582FB01E}.Release|Any CPU.ActiveCfg = Release|Any CPU
		{681CD140-A9D8-AE29-3C61-E82A582FB01E}.Release|Any CPU.Build.0 = Release|Any CPU
		{9D27D2C1-5FE9-184B-B1DD-2A2F5F7EF816}.Debug|Any CPU.ActiveCfg = Debug|Any CPU
		{9D27D2C1-5FE9-184B-B1DD-2A2F5F7EF816}.Debug|Any CPU.Build.0 = Debug|Any CPU
		{9D27D2C1-5FE9-184B-B1DD-2A2F5F7EF816}.Release|Any CPU.ActiveCfg = Release|Any CPU
		{9D27D2C1-5FE9-184B-B1DD-2A2F5F7EF816}.Release|Any CPU.Build.0 = Release|Any CPU
		{1A8DBFC3-0C6A-3EDC-5D1B-628276614125}.Debug|Any CPU.ActiveCfg = Debug|Any CPU
		{1A8DBFC3-0C6A-3EDC-5D1B-628276614125}.Debug|Any CPU.Build.0 = Debug|Any CPU
		{1A8DBFC3-0C6A-3EDC-5D1B-628276614125}.Release|Any CPU.ActiveCfg = Release|Any CPU
		{1A8DBFC3-0C6A-3EDC-5D1B-628276614125}.Release|Any CPU.Build.0 = Release|Any CPU
		{BC023E27-5257-F051-5324-F5DBFAAC9E29}.Debug|Any CPU.ActiveCfg = Debug|Any CPU
		{BC023E27-5257-F051-5324-F5DBFAAC9E29}.Debug|Any CPU.Build.0 = Debug|Any CPU
		{BC023E27-5257-F051-5324-F5DBFAAC9E29}.Release|Any CPU.ActiveCfg = Release|Any CPU
		{BC023E27-5257-F051-5324-F5DBFAAC9E29}.Release|Any CPU.Build.0 = Release|Any CPU
		{8F22ED31-27F9-6B32-6107-F7B3F5C87DF3}.Debug|Any CPU.ActiveCfg = Debug|Any CPU
		{8F22ED31-27F9-6B32-6107-F7B3F5C87DF3}.Debug|Any CPU.Build.0 = Debug|Any CPU
		{8F22ED31-27F9-6B32-6107-F7B3F5C87DF3}.Release|Any CPU.ActiveCfg = Release|Any CPU
		{8F22ED31-27F9-6B32-6107-F7B3F5C87DF3}.Release|Any CPU.Build.0 = Release|Any CPU
		{DD27E262-0520-8CA3-5060-DCF15AA0E3F6}.Debug|Any CPU.ActiveCfg = Debug|Any CPU
		{DD27E262-0520-8CA3-5060-DCF15AA0E3F6}.Debug|Any CPU.Build.0 = Debug|Any CPU
		{DD27E262-0520-8CA3-5060-DCF15AA0E3F6}.Release|Any CPU.ActiveCfg = Release|Any CPU
		{DD27E262-0520-8CA3-5060-DCF15AA0E3F6}.Release|Any CPU.Build.0 = Release|Any CPU
	EndGlobalSection
	GlobalSection(SolutionProperties) = preSolution
		HideSolutionNode = FALSE
	EndGlobalSection
EndGlobal
